{
  "R": {
    "Version": "4.2.0",
    "Repositories": [
      {
        "Name": "RSPM",
        "URL": "https://packagemanager.rstudio.com/all/latest"
      }
    ]
  },
  "Packages": {
    "renv": {
      "Package": "renv",
      "Version": "0.15.4",
      "Source": "GitHub",
      "RemoteType": "github",
      "RemoteHost": "api.github.com",
      "RemoteRepo": "renv",
      "RemoteUsername": "rstudio",
      "RemoteRef": "0.15.4",
      "RemoteSha": "5ea750498e856473df988ff4445b894464d6e3c7",
      "Hash": "954d45f34f9980187299265d37cd5814",
      "Requirements": []
    },
    "tictoc": {
      "Package": "tictoc",
      "Version": "1.0.1",
      "Source": "Repository",
      "Repository": "RSPM",
      "Hash": "5acb66b0266ad1f0ebf7ffe1aa36ff4c",
      "Requirements": []
    }
  }
}
